
Microsoft Visual Studio Solution File, Format Version 12.00
# Visual Studio 15
VisualStudioVersion = 15.0.27130.2010
MinimumVisualStudioVersion = 10.0.40219.1
Project("{FAE04EC0-301F-11D3-BF4B-00C04F79EFBC}") = "LoopingConsole", "LoopingConsole\LoopingConsole.csproj", "{1F177A3E-E0CC-478C-975B-9287D927B06E}"
EndProject
Global
	GlobalSection(SolutionConfigurationPlatforms) = preSolution
		Debug|Any CPU = Debug|Any CPU
		Release|Any CPU = Release|Any CPU
	EndGlobalSection
	GlobalSection(ProjectConfigurationPlatforms) = postSolution
		{1F177A3E-E0CC-478C-975B-9287D927B06E}.Debug|Any CPU.ActiveCfg = Debug|Any CPU
		{1F177A3E-E0CC-478C-975B-9287D927B06E}.Debug|Any CPU.Build.0 = Debug|Any CPU
		{1F177A3E-E0CC-478C-975B-9287D927B06E}.Release|Any CPU.ActiveCfg = Release|Any CPU
		{1F177A3E-E0CC-478C-975B-9287D927B06E}.Release|Any CPU.Build.0 = Release|Any CPU
	EndGlobalSection
	GlobalSection(SolutionProperties) = preSolution
		HideSolutionNode = FALSE
	EndGlobalSection
	GlobalSection(ExtensibilityGlobals) = postSolution
		SolutionGuid = {E72EDB88-C3A0-4CAF-A61B-7F4085AFB89E}
	EndGlobalSection
EndGlobal
